hash: f2d7b920e7c79f76bb8ec5a58a5aec6a1681ef9ea885fd25a263e77bc6e3eef1
updated: 2017-11-09T14:47:47.525575007+03:00
imports:
- name: cloud.google.com/go
  version: fe58ddc832a5ceea715bf743f28e13c6b8b1bb4d
  subpackages:
  - compute/metadata
- name: github.com/avarabyeu/env
  version: 4946e6742a05770376d9415afcaf28f67fd7b0e4
- name: github.com/caarlos0/env
  version: 0cf029d5748c52beb2c9d20c81880cb4bdf8f788
- name: github.com/cenkalti/backoff
  version: 4dc77674aceaabba2c7e3da25d4c823edfb73f99
- name: github.com/clbanning/x2j
  version: 5ee34bb343f10ecfc125261107681de62f985cf6
- name: github.com/dghubble/go-twitter
  version: c4115fa44a928413e0b857e0eb47376ffde3a61a
  subpackages:
  - twitter
- name: github.com/dghubble/oauth1
  version: 70562a5920ad9b6ff03ef697c0f90ae569abbd2b
- name: github.com/dghubble/sling
  version: eb56e89ac5088bebb12eef3cb4b293300f43608b
- name: github.com/franela/goreq
  version: 9df54ca75ad62b6295f33ca96e16a2ca10bc137a
- name: github.com/go-chi/chi
  version: f7c66f685bcab06bcce78ac212c5f3553c063d19
  subpackages:
  - middleware
- name: github.com/go-playground/locales
  version: 1e5f1161c6416a5ff48840eb8724a394e48cc534
  subpackages:
  - currency
- name: github.com/go-playground/universal-translator
  version: 71201497bace774495daed26a3874fd339e0b538
- name: github.com/golang/protobuf
  version: 1643683e1b54a9e88ad26d98f81400c8c9d9f4f9
  subpackages:
  - proto
- name: github.com/google/go-github
  version: 8c08f4fba5e05e0fd2821a5f80cf0cf643bd5314
  subpackages:
  - github
- name: github.com/google/go-querystring
  version: 53e6ce116135b80d037921a7fdd5138cf32d7a8a
  subpackages:
  - query
- name: github.com/hashicorp/consul
  version: 112c0603d3d6fb23ab5f15e8fdb1a761da8eaf9a
  subpackages:
  - api
- name: github.com/hashicorp/go-cleanhttp
  version: 3573b8b52aa7b37b9358d966a898feb387f62437
- name: github.com/hashicorp/go-rootcerts
  version: 6bb64b370b90e7ef1fa532be9e591a81c3493e00
- name: github.com/hashicorp/go-version
  version: fc61389e27c71d120f87031ca8c88a3428f372dd
- name: github.com/hashicorp/serf
  version: e39abe475740649229c5c72b0cc1da10da7ed23a
  subpackages:
  - coordinate
- name: github.com/hudl/fargo
  version: 14ced469f7dc175f6fbf9f55d799f9f12e302965
- name: github.com/miekg/dns
  version: f01e44c2fdbf755201344b5b7917f974a4badd13
- name: github.com/mitchellh/go-homedir
  version: b8bc1bf767474819792c23f32d8286a45736f1c6
- name: github.com/op/go-logging
  version: d2e44aa77b7195c0ef782189985dd8550e22e4de
- name: github.com/pkg/errors
  version: 645ef00459ed84a119197bfb8d8205042c6df63d
- name: github.com/sirupsen/logrus
  version: a3f95b5c423586578a4e099b11a46c2479628cac
- name: golang.org/x/net
  version: f01ecb60fe3835d80d9a0b7b2bf24b228c89260e
  subpackages:
  - context
  - context/ctxhttp
- name: golang.org/x/oauth2
  version: 9ff8ebcc8e241d46f52ecc5bff0e5a2f2dbef402
  subpackages:
  - google
  - internal
  - jws
  - jwt
- name: golang.org/x/sys
  version: abf9c25f54453410d0c6668e519582a9e1115027
  subpackages:
  - unix
- name: google.golang.org/api
  version: 34bc9e3ce3692fb01d22f685df28518773cbdae9
  subpackages:
  - gensupport
  - googleapi
  - googleapi/internal/uritemplates
  - youtube/v3
- name: google.golang.org/appengine
  version: 9d8544a6b2c7df9cff240fcf92d7b2f59bc13416
  subpackages:
  - internal
  - internal/app_identity
  - internal/base
  - internal/datastore
  - internal/log
  - internal/modules
  - internal/remote_api
  - internal/urlfetch
  - urlfetch
- name: gopkg.in/gcfg.v1
  version: 0ef1a8547f99b94fac9af5377dd72febba18f37c
  subpackages:
  - scanner
  - token
  - types
- name: gopkg.in/go-playground/validator.v9
  version: 1304298bf10d085adec514b076772a79c9cadb6b
- name: gopkg.in/reportportal/commons-go.v1
  version: 46bb64cec9fb0c257d7a6ddfddf1df3617ae4cef
  subpackages:
  - commons
  - conf
  - registry
  - server
testImports:
- name: github.com/davecgh/go-spew
  version: 6d212800a42e8ab5c146b8ace3490ee17e5225f9
  subpackages:
  - spew
- name: github.com/pmezard/go-difflib
  version: d8ed2627bdf02c080bf22230dbb337003b7aba2d
  subpackages:
  - difflib
- name: github.com/stretchr/testify
  version: 69483b4bd14f5845b5a1e55bca19e954e827f1d0
  subpackages:
  - assert
