hash: 91a1a0bf1f21f7194f62b92f01dd69a1cb5ac1e5677d555729793a299f9a8ade
updated: 2018-08-22T13:21:20.67805+03:00
imports:
- name: cloud.google.com/go
  version: 64a2037ec6be8a4b0c1d1f706ed35b428b989239
  subpackages:
  - compute/metadata
- name: github.com/caarlos0/env
  version: 1cddc31c48c56ecd700d873edb9fd5b6f5df922a
- name: github.com/cenkalti/backoff
  version: b7325b0f3f1097c6546ea5e83c4a23267e58ad71
- name: github.com/dghubble/go-twitter
  version: a34e9059cd58e96429cee9c8a87fd8d907da6843
  subpackages:
  - twitter
- name: github.com/dghubble/oauth1
  version: 70562a5920ad9b6ff03ef697c0f90ae569abbd2b
- name: github.com/dghubble/sling
  version: eb56e89ac5088bebb12eef3cb4b293300f43608b
- name: github.com/go-chi/chi
  version: e83ac2304db3c50cf03d96a2fcd39009d458bc35
  subpackages:
  - middleware
- name: github.com/go-playground/locales
  version: f63010822830b6fe52288ee52d5a1151088ce039
  subpackages:
  - currency
- name: github.com/go-playground/universal-translator
  version: 71201497bace774495daed26a3874fd339e0b538
- name: github.com/golang/protobuf
  version: b27b920f9e71b439b873b17bf99f56467623814a
  subpackages:
  - proto
- name: github.com/google/go-github
  version: d7732128a00e8e95e8fe896017da18ee20b2180d
  subpackages:
  - github
- name: github.com/google/go-querystring
  version: 53e6ce116135b80d037921a7fdd5138cf32d7a8a
  subpackages:
  - query
- name: github.com/hashicorp/go-version
  version: 270f2f71b1ee587f3b609f00f422b76a6b28f348
- name: github.com/pkg/errors
  version: 645ef00459ed84a119197bfb8d8205042c6df63d
- name: github.com/reportportal/commons-go
  version: 504b0e6fbc6a71517b8135864ebc7240409ca7c1
  subpackages:
  - commons
  - conf
- name: github.com/sirupsen/logrus
  version: 3e01752db0189b9157070a0e1668a620f9a85da2
- name: golang.org/x/crypto
  version: 614d502a4dac94afa3a6ce146bd1736da82514c6
  subpackages:
  - ssh/terminal
- name: golang.org/x/net
  version: 922f4815f713f213882e8ef45e0d315b164d705c
  subpackages:
  - context
  - context/ctxhttp
- name: golang.org/x/oauth2
  version: d2e6202438beef2727060aa7cabdd924d92ebfd9
  subpackages:
  - google
  - internal
  - jws
  - jwt
- name: golang.org/x/sys
  version: 3b58ed4ad3395d483fc92d5d14123ce2c3581fec
  subpackages:
  - unix
  - windows
- name: google.golang.org/api
  version: 0873c9a91f718ab0bcccfabaf9ce3ada04f9dc7b
  subpackages:
  - gensupport
  - googleapi
  - googleapi/internal/uritemplates
  - youtube/v3
- name: google.golang.org/appengine
  version: 4216e58b9158e5f1c906f1aca75162a46a2ec88a
  subpackages:
  - internal
  - internal/app_identity
  - internal/base
  - internal/datastore
  - internal/log
  - internal/modules
  - internal/remote_api
  - internal/urlfetch
  - urlfetch
- name: gopkg.in/go-playground/validator.v9
  version: e69e9a28bb62b977fdc58d051f1bb477b7cbe486
- name: gopkg.in/reportportal/commons-go.v1
  version: 8941600c4b44fc35763116ec9158b93dfd9359df
  subpackages:
  - commons
- name: gopkg.in/reportportal/commons-go.v5
  version: 3bac743e65cf0f1667b7e4d225ef9e94979df58b
  subpackages:
  - commons
  - server
testImports:
- name: github.com/davecgh/go-spew
  version: 6d212800a42e8ab5c146b8ace3490ee17e5225f9
  subpackages:
  - spew
- name: github.com/pmezard/go-difflib
  version: d8ed2627bdf02c080bf22230dbb337003b7aba2d
  subpackages:
  - difflib
- name: github.com/stretchr/testify
  version: 69483b4bd14f5845b5a1e55bca19e954e827f1d0
  subpackages:
  - assert
